
Microsoft Visual Studio Solution File, Format Version 12.00
# Visual Studio Version 17
VisualStudioVersion = 17.14.36301.6
MinimumVisualStudioVersion = 10.0.40219.1
Project("{FAE04EC0-301F-11D3-BF4B-00C04F79EFBC}") = "WebApiShop", "WebApiShop\WebApiShop.csproj", "{57EF9D85-21E4-4313-AC9F-E61D1E3E0F97}"
EndProject
Project("{FAE04EC0-301F-11D3-BF4B-00C04F79EFBC}") = "Services", "Services\Services.csproj", "{535C476D-A7E9-4CF7-891C-ACC3AB5B0AC1}"
EndProject
Project("{FAE04EC0-301F-11D3-BF4B-00C04F79EFBC}") = "Entities", "Entities\Entities.csproj", "{4DBC2B69-3EA4-4A5B-9EE9-591DCDB78EF5}"
EndProject
Project("{FAE04EC0-301F-11D3-BF4B-00C04F79EFBC}") = "Repositories", "Repositories\Repositories.csproj", "{18BF01A1-A598-4153-BED8-A65C0578774D}"
EndProject
Project("{FAE04EC0-301F-11D3-BF4B-00C04F79EFBC}") = "DTOs", "DTOs\DTOs.csproj", "{54F71CC6-94C8-4029-902F-5844E61F46E2}"
EndProject
Project("{FAE04EC0-301F-11D3-BF4B-00C04F79EFBC}") = "TestProject", "TestProject\TestProject.csproj", "{3D318742-79CC-49AA-AE63-CA96A2365159}"
EndProject
Global
	GlobalSection(SolutionConfigurationPlatforms) = preSolution
		Debug|Any CPU = Debug|Any CPU
		Release|Any CPU = Release|Any CPU
	EndGlobalSection
	GlobalSection(ProjectConfigurationPlatforms) = postSolution
		{57EF9D85-21E4-4313-AC9F-E61D1E3E0F97}.Debug|Any CPU.ActiveCfg = Debug|Any CPU
		{57EF9D85-21E4-4313-AC9F-E61D1E3E0F97}.Debug|Any CPU.Build.0 = Debug|Any CPU
		{57EF9D85-21E4-4313-AC9F-E61D1E3E0F97}.Release|Any CPU.ActiveCfg = Release|Any CPU
		{57EF9D85-21E4-4313-AC9F-E61D1E3E0F97}.Release|Any CPU.Build.0 = Release|Any CPU
		{535C476D-A7E9-4CF7-891C-ACC3AB5B0AC1}.Debug|Any CPU.ActiveCfg = Debug|Any CPU
		{535C476D-A7E9-4CF7-891C-ACC3AB5B0AC1}.Debug|Any CPU.Build.0 = Debug|Any CPU
		{535C476D-A7E9-4CF7-891C-ACC3AB5B0AC1}.Release|Any CPU.ActiveCfg = Release|Any CPU
		{535C476D-A7E9-4CF7-891C-ACC3AB5B0AC1}.Release|Any CPU.Build.0 = Release|Any CPU
		{4DBC2B69-3EA4-4A5B-9EE9-591DCDB78EF5}.Debug|Any CPU.ActiveCfg = Debug|Any CPU
		{4DBC2B69-3EA4-4A5B-9EE9-591DCDB78EF5}.Debug|Any CPU.Build.0 = Debug|Any CPU
		{4DBC2B69-3EA4-4A5B-9EE9-591DCDB78EF5}.Release|Any CPU.ActiveCfg = Release|Any CPU
		{4DBC2B69-3EA4-4A5B-9EE9-591DCDB78EF5}.Release|Any CPU.Build.0 = Release|Any CPU
		{18BF01A1-A598-4153-BED8-A65C0578774D}.Debug|Any CPU.ActiveCfg = Debug|Any CPU
		{18BF01A1-A598-4153-BED8-A65C0578774D}.Debug|Any CPU.Build.0 = Debug|Any CPU
		{18BF01A1-A598-4153-BED8-A65C0578774D}.Release|Any CPU.ActiveCfg = Release|Any CPU
		{18BF01A1-A598-4153-BED8-A65C0578774D}.Release|Any CPU.Build.0 = Release|Any CPU
		{54F71CC6-94C8-4029-902F-5844E61F46E2}.Debug|Any CPU.ActiveCfg = Debug|Any CPU
		{54F71CC6-94C8-4029-902F-5844E61F46E2}.Debug|Any CPU.Build.0 = Debug|Any CPU
		{54F71CC6-94C8-4029-902F-5844E61F46E2}.Release|Any CPU.ActiveCfg = Release|Any CPU
		{54F71CC6-94C8-4029-902F-5844E61F46E2}.Release|Any CPU.Build.0 = Release|Any CPU
		{3D318742-79CC-49AA-AE63-CA96A2365159}.Debug|Any CPU.ActiveCfg = Debug|Any CPU
		{3D318742-79CC-49AA-AE63-CA96A2365159}.Debug|Any CPU.Build.0 = Debug|Any CPU
		{3D318742-79CC-49AA-AE63-CA96A2365159}.Release|Any CPU.ActiveCfg = Release|Any CPU
		{3D318742-79CC-49AA-AE63-CA96A2365159}.Release|Any CPU.Build.0 = Release|Any CPU
	EndGlobalSection
	GlobalSection(SolutionProperties) = preSolution
		HideSolutionNode = FALSE
	EndGlobalSection
	GlobalSection(ExtensibilityGlobals) = postSolution
		SolutionGuid = {9FFDE084-BB81-425A-9F7E-E30D3BFB9492}
	EndGlobalSection
EndGlobal
